<?xml version="1.0" encoding="utf-8"?>
<Project ToolsVersion="4.0" xmlns="http://schemas.microsoft.com/developer/msbuild/2003">
  <ItemGroup>
    <Filter Include="Source Files">
      <UniqueIdentifier>{4FC737F1-C7A5-4376-A066-2A32D752A2FF}</UniqueIdentifier>
      <Extensions>cpp;c;cc;cxx;def;odl;idl;hpj;bat;asm;asmx</Extensions>
    </Filter>
    <Filter Include="Header Files">
      <UniqueIdentifier>{93995380-89BD-4b04-88EB-625FBE52EBFB}</UniqueIdentifier>
      <Extensions>h;hh;hpp;hxx;hm;inl;inc;xsd</Extensions>
    </Filter>
    <Filter Include="Resource Files">
      <UniqueIdentifier>{67DA6AB6-F800-4c08-8B7A-83BB121AAD01}</UniqueIdentifier>
      <Extensions>rc;ico;cur;bmp;dlg;rc2;rct;bin;rgs;gif;jpg;jpeg;jpe;resx;tiff;tif;png;wav;mfcribbon-ms</Extensions>
    </Filter>
  </ItemGroup>
  <ItemGroup>
    <ClInclude Include="include\resource.h">
      <Filter>Header Files</Filter>
    </ClInclude>
    <ClInclude Include="source\Components\Component.h">
      <Filter>Header Files</Filter>
    </ClInclude>
    <ClInclude Include="source\Components\Graphics\GraphicsComponent.h">
      <Filter>Header Files</Filter>
    </ClInclude>
    <ClInclude Include="source\Components\Physics\PhysicsComponent.h">
      <Filter>Header Files</Filter>
    </ClInclude>
    <ClInclude Include="source\Components\Controller\PlayerController.h">
      <Filter>Header Files</Filter>
    </ClInclude>
    <ClInclude Include="source\Components\Graphics\PlayerGraphics.h">
      <Filter>Header Files</Filter>
    </ClInclude>
    <ClInclude Include="source\Components\Graphics\AsteroidGraphics.h">
      <Filter>Header Files</Filter>
    </ClInclude>
    <ClInclude Include="source\Components\Controller\AsteroidController.h">
      <Filter>Header Files</Filter>
    </ClInclude>
    <ClInclude Include="source\Components\Graphics\BulletGraphics.h">
      <Filter>Header Files</Filter>
    </ClInclude>
    <ClInclude Include="source\Components\Spawner\SpawnerComponent.h">
      <Filter>Header Files</Filter>
    </ClInclude>
    <ClInclude Include="source\Components\Spawner\AsteroidSpawner.h">
      <Filter>Header Files</Filter>
    </ClInclude>
    <ClInclude Include="source\Components\Controller\ControllerComponent.h">
      <Filter>Header Files</Filter>
    </ClInclude>
    <ClInclude Include="source\Components\Graphics\BackgroundGraphics.h">
      <Filter>Header Files</Filter>
    </ClInclude>
    <ClInclude Include="source\Components\Spawner\BulletSpawner.h">
      <Filter>Header Files</Filter>
    </ClInclude>
    <ClInclude Include="source\Components\GameObject.h">
      <Filter>Header Files</Filter>
    </ClInclude>
    <ClInclude Include="source\Managers\InputManager.h">
      <Filter>Header Files</Filter>
    </ClInclude>
    <ClInclude Include="source\Managers\ResourceManager.h">
      <Filter>Header Files</Filter>
    </ClInclude>
    <ClInclude Include="source\Helpers\Structs.h">
      <Filter>Header Files</Filter>
    </ClInclude>
    <ClInclude Include="source\Helpers\Methods.h">
      <Filter>Header Files</Filter>
    </ClInclude>
    <ClInclude Include="source\States\AsteroidsGame.h">
      <Filter>Header Files</Filter>
    </ClInclude>
    <ClInclude Include="source\States\GameState.h">
      <Filter>Header Files</Filter>
    </ClInclude>
    <ClInclude Include="source\States\MenuState.h">
      <Filter>Header Files</Filter>
    </ClInclude>
    <ClInclude Include="source\States\State.h">
      <Filter>Header Files</Filter>
    </ClInclude>
    <ClInclude Include="source\Components\Physics\SpacePhysics.h">
      <Filter>Header Files</Filter>
    </ClInclude>
    <ClInclude Include="source\Components\Physics\TorusLimiter.h">
      <Filter>Header Files</Filter>
    </ClInclude>
    <ClInclude Include="source\Components\Timed\Destroyer.h">
      <Filter>Header Files</Filter>
    </ClInclude>
    <ClInclude Include="source\StateRunner.h">
      <Filter>Header Files</Filter>
    </ClInclude>
    <ClInclude Include="source\Components\Graphics\Header.h">
      <Filter>Header Files</Filter>
    </ClInclude>
    <ClInclude Include="source\Collision.h">
      <Filter>Header Files</Filter>
    </ClInclude>
    <ClInclude Include="source\Components\BulletCollisions.h">
      <Filter>Header Files</Filter>
    </ClInclude>
    <ClInclude Include="source\Components\Timed\AsteroidDestroyer.h">
      <Filter>Header Files</Filter>
    </ClInclude>
    <ClInclude Include="source\Components\Collision\BulletCollisions.h">
      <Filter>Header Files</Filter>
    </ClInclude>
    <ClInclude Include="source\Managers\Collision.h">
      <Filter>Header Files</Filter>
    </ClInclude>
  </ItemGroup>
  <ItemGroup>
    <ClCompile Include="source\main.cpp">
      <Filter>Source Files</Filter>
    </ClCompile>
    <ClCompile Include="source\Components\Spawner\AsteroidSpawner.cpp">
      <Filter>Source Files</Filter>
    </ClCompile>
    <ClCompile Include="source\Components\GameObject.cpp">
      <Filter>Source Files</Filter>
    </ClCompile>
    <ClCompile Include="source\Managers\InputManager.cpp">
      <Filter>Source Files</Filter>
    </ClCompile>
    <ClCompile Include="source\States\GameState.cpp">
      <Filter>Source Files</Filter>
    </ClCompile>
    <ClCompile Include="source\StateRunner.cpp">
      <Filter>Source Files</Filter>
    </ClCompile>
    <ClCompile Include="source\Collision.cpp">
      <Filter>Source Files</Filter>
    </ClCompile>
    <ClCompile Include="source\Managers\Collision.cpp">
      <Filter>Source Files</Filter>
    </ClCompile>
  </ItemGroup>
  <ItemGroup>
    <Image Include="assets\textures\darkPurple.png">
      <Filter>Resource Files</Filter>
    </Image>
    <Image Include="assets\textures\tochLit.png">
      <Filter>Resource Files</Filter>
    </Image>
    <Image Include="assets\textures\Ardentryst-target2.png">
      <Filter>Resource Files</Filter>
    </Image>
    <Image Include="assets\textures\blue.png">
      <Filter>Resource Files</Filter>
    </Image>
    <Image Include="assets\textures\playerShip1_blue.png">
      <Filter>Resource Files</Filter>
    </Image>
    <Image Include="assets\textures\tochLit.ico">
      <Filter>Resource Files</Filter>
    </Image>
    <Image Include="assets\textures\laserBlue01.png">
      <Filter>Resource Files</Filter>
    </Image>
    <Image Include="assets\textures\meteorGrey_big1.png">
      <Filter>Resource Files</Filter>
    </Image>
  </ItemGroup>
  <ItemGroup>
    <ResourceCompile Include="SFML Game.rc">
      <Filter>Resource Files</Filter>
    </ResourceCompile>
  </ItemGroup>
  <ItemGroup>
    <Media Include="assets\sounds\sfx_wpn_laser6.wav">
      <Filter>Resource Files</Filter>
    </Media>
  </ItemGroup>
  <ItemGroup>
    <None Include="assets\music\through space.ogg">
      <Filter>Resource Files</Filter>
    </None>
  </ItemGroup>
  <ItemGroup>
    <Font Include="assets\fonts\FreeMono.ttf">
      <Filter>Resource Files</Filter>
    </Font>
  </ItemGroup>
</Project>